
Microsoft Visual Studio Solution File, Format Version 12.00
# Visual Studio 15
VisualStudioVersion = 15.0.26730.12
MinimumVisualStudioVersion = 10.0.40219.1
Project("{FAE04EC0-301F-11D3-BF4B-00C04F79EFBC}") = "WindowsFormsApp3", "WindowsFormsApp3\WindowsFormsApp3.csproj", "{A17DBAE2-DCE1-4BC8-A639-8E57AA211210}"
EndProject
Global
	GlobalSection(SolutionConfigurationPlatforms) = preSolution
		Debug|Any CPU = Debug|Any CPU
		Release|Any CPU = Release|Any CPU
	EndGlobalSection
	GlobalSection(ProjectConfigurationPlatforms) = postSolution
		{A17DBAE2-DCE1-4BC8-A639-8E57AA211210}.Debug|Any CPU.ActiveCfg = Debug|Any CPU
		{A17DBAE2-DCE1-4BC8-A639-8E57AA211210}.Debug|Any CPU.Build.0 = Debug|Any CPU
		{A17DBAE2-DCE1-4BC8-A639-8E57AA211210}.Release|Any CPU.ActiveCfg = Release|Any CPU
		{A17DBAE2-DCE1-4BC8-A639-8E57AA211210}.Release|Any CPU.Build.0 = Release|Any CPU
	EndGlobalSection
	GlobalSection(SolutionProperties) = preSolution
		HideSolutionNode = FALSE
	EndGlobalSection
	GlobalSection(ExtensibilityGlobals) = postSolution
		SolutionGuid = {9505E6CF-39DE-4D15-80B0-0F505CE78A6B}
	EndGlobalSection
EndGlobal
